
Microsoft Visual Studio Solution File, Format Version 12.00
# Visual Studio Version 16
VisualStudioVersion = 25.0.1706.14
MinimumVisualStudioVersion = 10.0.40219.1
Project("{2150E333-8FDC-42A3-9474-1A3956D46DE8}") = "Business Rules", "Business Rules", "{DCA5F4A7-9CF1-4ADF-8C6F-72A6C5AC94D0}"
EndProject
Project("{2150E333-8FDC-42A3-9474-1A3956D46DE8}") = "Interface Adapters", "Interface Adapters", "{4ACE2516-6684-40BE-8480-DE7C3FFF4A02}"
EndProject
Project("{2150E333-8FDC-42A3-9474-1A3956D46DE8}") = "Frameworks and Drivers", "Frameworks and Drivers", "{0816B809-3187-403D-B06A-78B3C4FB211C}"
EndProject
Project("{FAE04EC0-301F-11D3-BF4B-00C04F79EFBC}") = "BusinessObjects", "BusinessObjects\BusinessObjects.csproj", "{E9EE48E0-D5E9-4EFF-ABCF-049F12AF2154}"
EndProject
Project("{FAE04EC0-301F-11D3-BF4B-00C04F79EFBC}") = "EFCore.Repositories", "Gateways\EFCore.Repositories.csproj", "{F3AA206C-D918-4240-ABE3-8782EE7BA487}"
EndProject
Project("{2150E333-8FDC-42A3-9474-1A3956D46DE8}") = "Gateways", "Gateways", "{DE0B2CC6-CBE9-44A5-A0D3-5DEAFE1DE579}"
EndProject
Project("{2150E333-8FDC-42A3-9474-1A3956D46DE8}") = "Presenters", "Presenters", "{0A5765B9-18C9-4E25-86DC-C1DF24A40BAA}"
EndProject
Project("{FAE04EC0-301F-11D3-BF4B-00C04F79EFBC}") = "Sales.Presenters", "Sales.Presenters\Sales.Presenters.csproj", "{BC2F4AF7-97BA-4A26-9426-44388B3109E3}"
EndProject
Project("{2150E333-8FDC-42A3-9474-1A3956D46DE8}") = "Controllers", "Controllers", "{E7F553B6-69E4-46CE-9F99-EA4585BDA552}"
EndProject
Project("{FAE04EC0-301F-11D3-BF4B-00C04F79EFBC}") = "Sales.Controllers", "Sales.Controllers\Sales.Controllers.csproj", "{A8155535-2FE5-4D9A-8306-EF00EFB767F7}"
EndProject
Project("{FAE04EC0-301F-11D3-BF4B-00C04F79EFBC}") = "Sales.IoC", "Sales.IoC\Sales.IoC.csproj", "{7FE84A45-0845-4450-BADC-F9E8308CC9A1}"
EndProject
Project("{2150E333-8FDC-42A3-9474-1A3956D46DE8}") = "UIs", "UIs", "{6DADFEC9-2C7B-467E-81B9-2AA9F8FD06B5}"
EndProject
Project("{FAE04EC0-301F-11D3-BF4B-00C04F79EFBC}") = "Sales.WebApi", "Sales.WebApi\Sales.WebApi.csproj", "{3B62CD59-FE4F-44CC-B961-58478FAAA149}"
EndProject
Project("{FAE04EC0-301F-11D3-BF4B-00C04F79EFBC}") = "Sales.UseCases", "Sales.UseCases\Sales.UseCases.csproj", "{849DB3E3-2079-40B4-B78A-0503DCE42DB6}"
EndProject
Global
	GlobalSection(SolutionConfigurationPlatforms) = preSolution
		Debug|Any CPU = Debug|Any CPU
		Release|Any CPU = Release|Any CPU
	EndGlobalSection
	GlobalSection(ProjectConfigurationPlatforms) = postSolution
		{E9EE48E0-D5E9-4EFF-ABCF-049F12AF2154}.Debug|Any CPU.ActiveCfg = Debug|Any CPU
		{E9EE48E0-D5E9-4EFF-ABCF-049F12AF2154}.Debug|Any CPU.Build.0 = Debug|Any CPU
		{E9EE48E0-D5E9-4EFF-ABCF-049F12AF2154}.Release|Any CPU.ActiveCfg = Release|Any CPU
		{E9EE48E0-D5E9-4EFF-ABCF-049F12AF2154}.Release|Any CPU.Build.0 = Release|Any CPU
		{F3AA206C-D918-4240-ABE3-8782EE7BA487}.Debug|Any CPU.ActiveCfg = Debug|Any CPU
		{F3AA206C-D918-4240-ABE3-8782EE7BA487}.Debug|Any CPU.Build.0 = Debug|Any CPU
		{F3AA206C-D918-4240-ABE3-8782EE7BA487}.Release|Any CPU.ActiveCfg = Release|Any CPU
		{F3AA206C-D918-4240-ABE3-8782EE7BA487}.Release|Any CPU.Build.0 = Release|Any CPU
		{BC2F4AF7-97BA-4A26-9426-44388B3109E3}.Debug|Any CPU.ActiveCfg = Debug|Any CPU
		{BC2F4AF7-97BA-4A26-9426-44388B3109E3}.Debug|Any CPU.Build.0 = Debug|Any CPU
		{BC2F4AF7-97BA-4A26-9426-44388B3109E3}.Release|Any CPU.ActiveCfg = Release|Any CPU
		{BC2F4AF7-97BA-4A26-9426-44388B3109E3}.Release|Any CPU.Build.0 = Release|Any CPU
		{A8155535-2FE5-4D9A-8306-EF00EFB767F7}.Debug|Any CPU.ActiveCfg = Debug|Any CPU
		{A8155535-2FE5-4D9A-8306-EF00EFB767F7}.Debug|Any CPU.Build.0 = Debug|Any CPU
		{A8155535-2FE5-4D9A-8306-EF00EFB767F7}.Release|Any CPU.ActiveCfg = Release|Any CPU
		{A8155535-2FE5-4D9A-8306-EF00EFB767F7}.Release|Any CPU.Build.0 = Release|Any CPU
		{7FE84A45-0845-4450-BADC-F9E8308CC9A1}.Debug|Any CPU.ActiveCfg = Debug|Any CPU
		{7FE84A45-0845-4450-BADC-F9E8308CC9A1}.Debug|Any CPU.Build.0 = Debug|Any CPU
		{7FE84A45-0845-4450-BADC-F9E8308CC9A1}.Release|Any CPU.ActiveCfg = Release|Any CPU
		{7FE84A45-0845-4450-BADC-F9E8308CC9A1}.Release|Any CPU.Build.0 = Release|Any CPU
		{3B62CD59-FE4F-44CC-B961-58478FAAA149}.Debug|Any CPU.ActiveCfg = Debug|Any CPU
		{3B62CD59-FE4F-44CC-B961-58478FAAA149}.Debug|Any CPU.Build.0 = Debug|Any CPU
		{3B62CD59-FE4F-44CC-B961-58478FAAA149}.Release|Any CPU.ActiveCfg = Release|Any CPU
		{3B62CD59-FE4F-44CC-B961-58478FAAA149}.Release|Any CPU.Build.0 = Release|Any CPU
		{849DB3E3-2079-40B4-B78A-0503DCE42DB6}.Debug|Any CPU.ActiveCfg = Debug|Any CPU
		{849DB3E3-2079-40B4-B78A-0503DCE42DB6}.Debug|Any CPU.Build.0 = Debug|Any CPU
		{849DB3E3-2079-40B4-B78A-0503DCE42DB6}.Release|Any CPU.ActiveCfg = Release|Any CPU
		{849DB3E3-2079-40B4-B78A-0503DCE42DB6}.Release|Any CPU.Build.0 = Release|Any CPU
	EndGlobalSection
	GlobalSection(SolutionProperties) = preSolution
		HideSolutionNode = FALSE
	EndGlobalSection
	GlobalSection(ExtensibilityGlobals) = postSolution
		SolutionGuid = {EB7B5B61-D9D3-4E08-A977-3952C8610990}
	EndGlobalSection
	GlobalSection(NestedProjects) = preSolution
		{E9EE48E0-D5E9-4EFF-ABCF-049F12AF2154} = {DCA5F4A7-9CF1-4ADF-8C6F-72A6C5AC94D0}
		{F3AA206C-D918-4240-ABE3-8782EE7BA487} = {DE0B2CC6-CBE9-44A5-A0D3-5DEAFE1DE579}
		{DE0B2CC6-CBE9-44A5-A0D3-5DEAFE1DE579} = {4ACE2516-6684-40BE-8480-DE7C3FFF4A02}
		{0A5765B9-18C9-4E25-86DC-C1DF24A40BAA} = {4ACE2516-6684-40BE-8480-DE7C3FFF4A02}
		{BC2F4AF7-97BA-4A26-9426-44388B3109E3} = {0A5765B9-18C9-4E25-86DC-C1DF24A40BAA}
		{E7F553B6-69E4-46CE-9F99-EA4585BDA552} = {4ACE2516-6684-40BE-8480-DE7C3FFF4A02}
		{A8155535-2FE5-4D9A-8306-EF00EFB767F7} = {E7F553B6-69E4-46CE-9F99-EA4585BDA552}
		{7FE84A45-0845-4450-BADC-F9E8308CC9A1} = {4ACE2516-6684-40BE-8480-DE7C3FFF4A02}
		{6DADFEC9-2C7B-467E-81B9-2AA9F8FD06B5} = {0816B809-3187-403D-B06A-78B3C4FB211C}
		{3B62CD59-FE4F-44CC-B961-58478FAAA149} = {6DADFEC9-2C7B-467E-81B9-2AA9F8FD06B5}
		{849DB3E3-2079-40B4-B78A-0503DCE42DB6} = {DCA5F4A7-9CF1-4ADF-8C6F-72A6C5AC94D0}
	EndGlobalSection
EndGlobal
